
Microsoft Visual Studio Solution File, Format Version 12.00
# Visual Studio Version 16
VisualStudioVersion = 16.0.29519.181
MinimumVisualStudioVersion = 10.0.40219.1
Project("{FAE04EC0-301F-11D3-BF4B-00C04F79EFBC}") = "SamuraiApp.Domain", "SamuraiApp.Domain\SamuraiApp.Domain.csproj", "{B721B463-F6C7-4C3B-8A1E-202B610CFDE0}"
EndProject
Project("{FAE04EC0-301F-11D3-BF4B-00C04F79EFBC}") = "SamuraiApp.Data", "SamuraiApp.Data\SamuraiApp.Data.csproj", "{6D0D6BF9-47B3-4F69-98C7-C72B1A1C6A4F}"
EndProject
Global
	GlobalSection(SolutionConfigurationPlatforms) = preSolution
		Debug|Any CPU = Debug|Any CPU
		Release|Any CPU = Release|Any CPU
	EndGlobalSection
	GlobalSection(ProjectConfigurationPlatforms) = postSolution
		{B721B463-F6C7-4C3B-8A1E-202B610CFDE0}.Debug|Any CPU.ActiveCfg = Debug|Any CPU
		{B721B463-F6C7-4C3B-8A1E-202B610CFDE0}.Debug|Any CPU.Build.0 = Debug|Any CPU
		{B721B463-F6C7-4C3B-8A1E-202B610CFDE0}.Release|Any CPU.ActiveCfg = Release|Any CPU
		{B721B463-F6C7-4C3B-8A1E-202B610CFDE0}.Release|Any CPU.Build.0 = Release|Any CPU
		{6D0D6BF9-47B3-4F69-98C7-C72B1A1C6A4F}.Debug|Any CPU.ActiveCfg = Debug|Any CPU
		{6D0D6BF9-47B3-4F69-98C7-C72B1A1C6A4F}.Debug|Any CPU.Build.0 = Debug|Any CPU
		{6D0D6BF9-47B3-4F69-98C7-C72B1A1C6A4F}.Release|Any CPU.ActiveCfg = Release|Any CPU
		{6D0D6BF9-47B3-4F69-98C7-C72B1A1C6A4F}.Release|Any CPU.Build.0 = Release|Any CPU
	EndGlobalSection
	GlobalSection(SolutionProperties) = preSolution
		HideSolutionNode = FALSE
	EndGlobalSection
	GlobalSection(ExtensibilityGlobals) = postSolution
		SolutionGuid = {869F4B2E-6B50-43A5-B2FC-577255A83624}
	EndGlobalSection
EndGlobal
